Microsoft Visual Studio Solution File, Format Version 12.00
# Visual Studio 2012
Project("{FAE04EC0-301F-11D3-BF4B-00C04F79EFBC}") = "(Prince) Nasu Nasu", "(Prince) Nasu Nasu.csproj", "{5FE660BC-6223-43B6-8FAF-9CFD90CEACCF}"
EndProject
Global
	GlobalSection(SolutionConfigurationPlatforms) = preSolution
	Debug|Any CPU = Debug|Any CPU
	ExportDebug|Any CPU = ExportDebug|Any CPU
	ExportRelease|Any CPU = ExportRelease|Any CPU
	EndGlobalSection
	GlobalSection(ProjectConfigurationPlatforms) = postSolution
		{5FE660BC-6223-43B6-8FAF-9CFD90CEACCF}.Debug|Any CPU.ActiveCfg = Debug|Any CPU
		{5FE660BC-6223-43B6-8FAF-9CFD90CEACCF}.Debug|Any CPU.Build.0 = Debug|Any CPU
		{5FE660BC-6223-43B6-8FAF-9CFD90CEACCF}.ExportDebug|Any CPU.ActiveCfg = ExportDebug|Any CPU
		{5FE660BC-6223-43B6-8FAF-9CFD90CEACCF}.ExportDebug|Any CPU.Build.0 = ExportDebug|Any CPU
		{5FE660BC-6223-43B6-8FAF-9CFD90CEACCF}.ExportRelease|Any CPU.ActiveCfg = ExportRelease|Any CPU
		{5FE660BC-6223-43B6-8FAF-9CFD90CEACCF}.ExportRelease|Any CPU.Build.0 = ExportRelease|Any CPU
	EndGlobalSection
EndGlobal
